
Microsoft Visual Studio Solution File, Format Version 12.00
# Visual Studio Version 17
VisualStudioVersion = 17.1.32407.343
MinimumVisualStudioVersion = 10.0.40219.1
Project("{9A19103F-16F7-4668-BE54-9A1E7A4F7556}") = "SellerWebService.DataLayer", "SellerWebService.DataLayer\SellerWebService.DataLayer.csproj", "{A5B578D5-2F61-47A0-BD77-4A19AE618266}"
EndProject
Project("{9A19103F-16F7-4668-BE54-9A1E7A4F7556}") = "SellerWebService.Application", "SellerWebService.Application\SellerWebService.Application.csproj", "{E54235C0-41D4-4F2B-898E-7B2DC2EB0832}"
EndProject
Project("{9A19103F-16F7-4668-BE54-9A1E7A4F7556}") = "0-framework", "0-framework\0-framework.csproj", "{C69B9706-22C6-49C5-B97A-07552A271837}"
EndProject
Global
	GlobalSection(SolutionConfigurationPlatforms) = preSolution
		Debug|Any CPU = Debug|Any CPU
		Release|Any CPU = Release|Any CPU
	EndGlobalSection
	GlobalSection(ProjectConfigurationPlatforms) = postSolution
		{A5B578D5-2F61-47A0-BD77-4A19AE618266}.Debug|Any CPU.ActiveCfg = Debug|Any CPU
		{A5B578D5-2F61-47A0-BD77-4A19AE618266}.Debug|Any CPU.Build.0 = Debug|Any CPU
		{A5B578D5-2F61-47A0-BD77-4A19AE618266}.Release|Any CPU.ActiveCfg = Release|Any CPU
		{A5B578D5-2F61-47A0-BD77-4A19AE618266}.Release|Any CPU.Build.0 = Release|Any CPU
		{E54235C0-41D4-4F2B-898E-7B2DC2EB0832}.Debug|Any CPU.ActiveCfg = Debug|Any CPU
		{E54235C0-41D4-4F2B-898E-7B2DC2EB0832}.Debug|Any CPU.Build.0 = Debug|Any CPU
		{E54235C0-41D4-4F2B-898E-7B2DC2EB0832}.Release|Any CPU.ActiveCfg = Release|Any CPU
		{E54235C0-41D4-4F2B-898E-7B2DC2EB0832}.Release|Any CPU.Build.0 = Release|Any CPU
		{C69B9706-22C6-49C5-B97A-07552A271837}.Debug|Any CPU.ActiveCfg = Debug|Any CPU
		{C69B9706-22C6-49C5-B97A-07552A271837}.Debug|Any CPU.Build.0 = Debug|Any CPU
		{C69B9706-22C6-49C5-B97A-07552A271837}.Release|Any CPU.ActiveCfg = Release|Any CPU
		{C69B9706-22C6-49C5-B97A-07552A271837}.Release|Any CPU.Build.0 = Release|Any CPU
	EndGlobalSection
	GlobalSection(SolutionProperties) = preSolution
		HideSolutionNode = FALSE
	EndGlobalSection
	GlobalSection(ExtensibilityGlobals) = postSolution
		SolutionGuid = {FA6073A4-6D8E-48A0-804B-CA6803FB580F}
	EndGlobalSection
EndGlobal
